{
    "version": 3,
    "terraform_version": "0.7.4",
    "serial": 12,
    "lineage": "082b14c7-1aa8-41ee-bdc1-d89be86c16e2",
    "modules": [
        {
            "path": [
                "root"
            ],
            "outputs": {
                "modsec-ip": {
                    "sensitive": false,
                    "type": "string",
                    "value": "10.0.0.113"
                },
                "server-ip": {
                    "sensitive": false,
                    "type": "string",
                    "value": "10.0.1.144"
                }
            },
            "resources": {
                "aws_eip.chimera_probe": {
                    "type": "aws_eip",
                    "depends_on": [
                        "aws_instance.chimera_probe"
                    ],
                    "primary": {
                        "id": "eipalloc-f113a095",
                        "attributes": {
                            "association_id": "eipassoc-75d80f0c",
                            "domain": "vpc",
                            "id": "eipalloc-f113a095",
                            "instance": "i-020588d4db51ec822",
                            "network_interface": "eni-d1f1159e",
                            "private_ip": "10.0.0.117",
                            "public_ip": "52.212.53.121",
                            "vpc": "true"
                        },
                        "meta": {},
                        "tainted": false
                    },
                    "deposed": [],
                    "provider": ""
                },
                "aws_instance.chimera_probe": {
                    "type": "aws_instance",
                    "depends_on": [
                        "aws_key_pair.deployer",
                        "aws_security_group.probe",
                        "aws_subnet.subnet_pub"
                    ],
                    "primary": {
                        "id": "i-020588d4db51ec822",
                        "attributes": {
                            "ami": "ami-30913f47",
                            "associate_public_ip_address": "true",
                            "availability_zone": "eu-west-1a",
                            "disable_api_termination": "false",
                            "ebs_block_device.#": "0",
                            "ebs_optimized": "false",
                            "ephemeral_block_device.#": "0",
                            "iam_instance_profile": "",
                            "id": "i-020588d4db51ec822",
                            "instance_state": "running",
                            "instance_type": "m1.small",
                            "key_name": "csarti-project_foo-app_foo-12345678",
                            "monitoring": "false",
                            "network_interface_id": "eni-d1f1159e",
                            "private_dns": "ip-10-0-0-117.eu-west-1.compute.internal",
                            "private_ip": "10.0.0.117",
                            "public_dns": "ec2-52-31-242-84.eu-west-1.compute.amazonaws.com",
                            "public_ip": "52.31.242.84",
                            "root_block_device.#": "1",
                            "root_block_device.0.delete_on_termination": "true",
                            "root_block_device.0.iops": "0",
                            "root_block_device.0.volume_size": "8",
                            "root_block_device.0.volume_type": "standard",
                            "security_groups.#": "0",
                            "source_dest_check": "false",
                            "subnet_id": "subnet-0e641278",
                            "tags.%": "3",
                            "tags.Billing": "CSF",
                            "tags.Env": "CSF",
                            "tags.Name": "CSF-csarti-project_foo-app_foo-12345678",
                            "tenancy": "default",
                            "vpc_security_group_ids.#": "1",
                            "vpc_security_group_ids.3009725482": "sg-890ff0ef"
                        },
                        "meta": {
                            "schema_version": "1"
                        },
                        "tainted": false
                    },
                    "deposed": [],
                    "provider": ""
                },
                "aws_instance.modsec": {
                    "type": "aws_instance",
                    "depends_on": [
                        "aws_key_pair.deployer",
                        "aws_security_group.modsec",
                        "aws_subnet.subnet_pub"
                    ],
                    "primary": {
                        "id": "i-073bb4b4ff7aa2353",
                        "attributes": {
                            "ami": "ami-f95ef58a",
                            "associate_public_ip_address": "true",
                            "availability_zone": "eu-west-1a",
                            "disable_api_termination": "false",
                            "ebs_block_device.#": "0",
                            "ebs_optimized": "false",
                            "ephemeral_block_device.#": "0",
                            "iam_instance_profile": "",
                            "id": "i-073bb4b4ff7aa2353",
                            "instance_state": "running",
                            "instance_type": "t2.small",
                            "key_name": "csarti-project_foo-app_foo-12345678",
                            "monitoring": "false",
                            "network_interface_id": "eni-16f71359",
                            "private_dns": "ip-10-0-0-113.eu-west-1.compute.internal",
                            "private_ip": "10.0.0.113",
                            "public_dns": "ec2-52-212-13-183.eu-west-1.compute.amazonaws.com",
                            "public_ip": "52.212.13.183",
                            "root_block_device.#": "1",
                            "root_block_device.0.delete_on_termination": "true",
                            "root_block_device.0.iops": "100",
                            "root_block_device.0.volume_size": "8",
                            "root_block_device.0.volume_type": "gp2",
                            "security_groups.#": "0",
                            "source_dest_check": "false",
                            "subnet_id": "subnet-0e641278",
                            "tags.%": "3",
                            "tags.Billing": "CSF",
                            "tags.Env": "CSF",
                            "tags.Name": "CSF-modsec-project_foo",
                            "tenancy": "default",
                            "vpc_security_group_ids.#": "1",
                            "vpc_security_group_ids.4127950916": "sg-8d0ff0eb"
                        },
                        "meta": {
                            "schema_version": "1"
                        },
                        "tainted": false
                    },
                    "deposed": [],
                    "provider": ""
                },
                "aws_instance.server": {
                    "type": "aws_instance",
                    "depends_on": [
                        "aws_key_pair.deployer",
                        "aws_security_group.server",
                        "aws_subnet.subnet_priv"
                    ],
                    "primary": {
                        "id": "i-04b566e7dcef69a2c",
                        "attributes": {
                            "ami": "ami-f95ef58a",
                            "associate_public_ip_address": "false",
                            "availability_zone": "eu-west-1a",
                            "disable_api_termination": "false",
                            "ebs_block_device.#": "0",
                            "ebs_optimized": "false",
                            "ephemeral_block_device.#": "0",
                            "iam_instance_profile": "",
                            "id": "i-04b566e7dcef69a2c",
                            "instance_state": "running",
                            "instance_type": "t2.small",
                            "key_name": "csarti-project_foo-app_foo-12345678",
                            "monitoring": "false",
                            "network_interface_id": "eni-c7eb0f88",
                            "private_dns": "ip-10-0-1-144.eu-west-1.compute.internal",
                            "private_ip": "10.0.1.144",
                            "public_dns": "",
                            "public_ip": "",
                            "root_block_device.#": "1",
                            "root_block_device.0.delete_on_termination": "true",
                            "root_block_device.0.iops": "100",
                            "root_block_device.0.volume_size": "8",
                            "root_block_device.0.volume_type": "gp2",
                            "security_groups.#": "0",
                            "source_dest_check": "false",
                            "subnet_id": "subnet-0f641279",
                            "tags.%": "3",
                            "tags.Billing": "CSF",
                            "tags.Env": "CSF",
                            "tags.Name": "CSF-server-project_foo",
                            "tenancy": "default",
                            "vpc_security_group_ids.#": "1",
                            "vpc_security_group_ids.49399927": "sg-930ff0f5"
                        },
                        "meta": {
                            "schema_version": "1"
                        },
                        "tainted": false
                    },
                    "deposed": [],
                    "provider": ""
                },
                "aws_internet_gateway.default": {
                    "type": "aws_internet_gateway",
                    "depends_on": [
                        "aws_vpc.foovpc"
                    ],
                    "primary": {
                        "id": "igw-fb54b49f",
                        "attributes": {
                            "id": "igw-fb54b49f",
                            "tags.%": "3",
                            "tags.Billing": "CSF",
                            "tags.Env": "CSF",
                            "tags.Name": "CSF-GW-PUB-project_foo",
                            "vpc_id": "vpc-e7f69383"
                        },
                        "meta": {},
                        "tainted": false
                    },
                    "deposed": [],
                    "provider": ""
                },
                "aws_key_pair.deployer": {
                    "type": "aws_key_pair",
                    "depends_on": [],
                    "primary": {
                        "id": "csarti-project_foo-app_foo-12345678",
                        "attributes": {
                            "id": "csarti-project_foo-app_foo-12345678",
                            "key_name": "csarti-project_foo-app_foo-12345678",
                            "public_key": "ssh-rsa AAAAB3NzaC1yc2EAAAADAQABAAABAQDciZmsyj/LkGTTNNA81fLxax2puXuc5bxN9MExeeCPPGI+daNt9WL2ZSUCjqHipgRypdpdEJAHLwdqAaTHkSsyLLFpwKLha4eAgmSNlwQYWzHrC/Uw/eB57VbYMingGInKPcrbra570xGzK6Z4WFY5r8DCldkpGeGm44grEQHr0tX5gNpwTS1t1XSh4zQ7G6vDYixHglSD4sc9GGdCF39DRXXXQ+Nkp12Ds+R/9jxtWfSxqOp8XalS+sGR04/wtOPt2zmA17eeJLYLVqNkUosyFa9VYbrlAFrZXNAMNg9/MgGjNHjuy4WB3FlfxZb7sooEVSLswTQEO8AuHYBhy7Lz chimera"
                        },
                        "meta": {
                            "schema_version": "1"
                        },
                        "tainted": false
                    },
                    "deposed": [],
                    "provider": ""
                },
                "aws_route_table.pub_routing": {
                    "type": "aws_route_table",
                    "depends_on": [
                        "aws_internet_gateway.default",
                        "aws_vpc.foovpc"
                    ],
                    "primary": {
                        "id": "rtb-b10725d5",
                        "attributes": {
                            "id": "rtb-b10725d5",
                            "propagating_vgws.#": "0",
                            "route.#": "1",
                            "route.3315311002.cidr_block": "0.0.0.0/0",
                            "route.3315311002.gateway_id": "igw-fb54b49f",
                            "route.3315311002.instance_id": "",
                            "route.3315311002.nat_gateway_id": "",
                            "route.3315311002.network_interface_id": "",
                            "route.3315311002.vpc_peering_connection_id": "",
                            "tags.%": "3",
                            "tags.Billing": "CSF",
                            "tags.Env": "CSF",
                            "tags.Name": "CSF-Route-PUB-csarti-project_foo-app_foo-12345678",
                            "vpc_id": "vpc-e7f69383"
                        },
                        "meta": {},
                        "tainted": false
                    },
                    "deposed": [],
                    "provider": ""
                },
                "aws_route_table.table_priv": {
                    "type": "aws_route_table",
                    "depends_on": [
                        "aws_instance.chimera_probe",
                        "aws_vpc.foovpc"
                    ],
                    "primary": {
                        "id": "rtb-900725f4",
                        "attributes": {
                            "id": "rtb-900725f4",
                            "propagating_vgws.#": "0",
                            "route.#": "1",
                            "route.2735956350.cidr_block": "0.0.0.0/0",
                            "route.2735956350.gateway_id": "",
                            "route.2735956350.instance_id": "i-020588d4db51ec822",
                            "route.2735956350.nat_gateway_id": "",
                            "route.2735956350.network_interface_id": "eni-d1f1159e",
                            "route.2735956350.vpc_peering_connection_id": "",
                            "tags.%": "3",
                            "tags.Billing": "CSF",
                            "tags.Env": "CSF",
                            "tags.Name": "CSF-Route-tosubpub-server-project_foo",
                            "vpc_id": "vpc-e7f69383"
                        },
                        "meta": {},
                        "tainted": false
                    },
                    "deposed": [],
                    "provider": ""
                },
                "aws_route_table_association.priv": {
                    "type": "aws_route_table_association",
                    "depends_on": [
                        "aws_route_table.table_priv",
                        "aws_subnet.subnet_priv"
                    ],
                    "primary": {
                        "id": "rtbassoc-0263e465",
                        "attributes": {
                            "id": "rtbassoc-0263e465",
                            "route_table_id": "rtb-900725f4",
                            "subnet_id": "subnet-0f641279"
                        },
                        "meta": {},
                        "tainted": false
                    },
                    "deposed": [],
                    "provider": ""
                },
                "aws_route_table_association.public": {
                    "type": "aws_route_table_association",
                    "depends_on": [
                        "aws_route_table.pub_routing",
                        "aws_subnet.subnet_pub"
                    ],
                    "primary": {
                        "id": "rtbassoc-2763e440",
                        "attributes": {
                            "id": "rtbassoc-2763e440",
                            "route_table_id": "rtb-b10725d5",
                            "subnet_id": "subnet-0e641278"
                        },
                        "meta": {},
                        "tainted": false
                    },
                    "deposed": [],
                    "provider": ""
                },
                "aws_security_group.modsec": {
                    "type": "aws_security_group",
                    "depends_on": [
                        "aws_vpc.foovpc"
                    ],
                    "primary": {
                        "id": "sg-8d0ff0eb",
                        "attributes": {
                            "description": "ModSec Security Group",
                            "egress.#": "1",
                            "egress.482069346.cidr_blocks.#": "1",
                            "egress.482069346.cidr_blocks.0": "0.0.0.0/0",
                            "egress.482069346.from_port": "0",
                            "egress.482069346.prefix_list_ids.#": "0",
                            "egress.482069346.protocol": "-1",
                            "egress.482069346.security_groups.#": "0",
                            "egress.482069346.self": "false",
                            "egress.482069346.to_port": "0",
                            "id": "sg-8d0ff0eb",
                            "ingress.#": "4",
                            "ingress.2214680975.cidr_blocks.#": "1",
                            "ingress.2214680975.cidr_blocks.0": "0.0.0.0/0",
                            "ingress.2214680975.from_port": "80",
                            "ingress.2214680975.protocol": "tcp",
                            "ingress.2214680975.security_groups.#": "0",
                            "ingress.2214680975.self": "false",
                            "ingress.2214680975.to_port": "80",
                            "ingress.2541437006.cidr_blocks.#": "1",
                            "ingress.2541437006.cidr_blocks.0": "0.0.0.0/0",
                            "ingress.2541437006.from_port": "22",
                            "ingress.2541437006.protocol": "tcp",
                            "ingress.2541437006.security_groups.#": "0",
                            "ingress.2541437006.self": "false",
                            "ingress.2541437006.to_port": "22",
                            "ingress.2617001939.cidr_blocks.#": "1",
                            "ingress.2617001939.cidr_blocks.0": "0.0.0.0/0",
                            "ingress.2617001939.from_port": "443",
                            "ingress.2617001939.protocol": "tcp",
                            "ingress.2617001939.security_groups.#": "0",
                            "ingress.2617001939.self": "false",
                            "ingress.2617001939.to_port": "443",
                            "ingress.3711017757.cidr_blocks.#": "1",
                            "ingress.3711017757.cidr_blocks.0": "0.0.0.0/0",
                            "ingress.3711017757.from_port": "54321",
                            "ingress.3711017757.protocol": "tcp",
                            "ingress.3711017757.security_groups.#": "0",
                            "ingress.3711017757.self": "false",
                            "ingress.3711017757.to_port": "54321",
                            "name": "ModSec Security Group",
                            "owner_id": "254028362942",
                            "tags.%": "3",
                            "tags.Billing": "CSF",
                            "tags.Env": "CSF",
                            "tags.Name": "CSF-SG-project_foo",
                            "vpc_id": "vpc-e7f69383"
                        },
                        "meta": {},
                        "tainted": false
                    },
                    "deposed": [],
                    "provider": ""
                },
                "aws_security_group.probe": {
                    "type": "aws_security_group",
                    "depends_on": [
                        "aws_subnet.subnet_priv",
                        "aws_subnet.subnet_pub",
                        "aws_vpc.foovpc"
                    ],
                    "primary": {
                        "id": "sg-890ff0ef",
                        "attributes": {
                            "description": "Probe Security Group",
                            "egress.#": "1",
                            "egress.1403647648.cidr_blocks.#": "1",
                            "egress.1403647648.cidr_blocks.0": "0.0.0.0/0",
                            "egress.1403647648.from_port": "0",
                            "egress.1403647648.prefix_list_ids.#": "0",
                            "egress.1403647648.protocol": "tcp",
                            "egress.1403647648.security_groups.#": "0",
                            "egress.1403647648.self": "false",
                            "egress.1403647648.to_port": "65535",
                            "id": "sg-890ff0ef",
                            "ingress.#": "2",
                            "ingress.2541437006.cidr_blocks.#": "1",
                            "ingress.2541437006.cidr_blocks.0": "0.0.0.0/0",
                            "ingress.2541437006.from_port": "22",
                            "ingress.2541437006.protocol": "tcp",
                            "ingress.2541437006.security_groups.#": "0",
                            "ingress.2541437006.self": "false",
                            "ingress.2541437006.to_port": "22",
                            "ingress.2544536208.cidr_blocks.#": "2",
                            "ingress.2544536208.cidr_blocks.0": "10.0.1.0/24",
                            "ingress.2544536208.cidr_blocks.1": "10.0.0.0/24",
                            "ingress.2544536208.from_port": "0",
                            "ingress.2544536208.protocol": "tcp",
                            "ingress.2544536208.security_groups.#": "0",
                            "ingress.2544536208.self": "false",
                            "ingress.2544536208.to_port": "65535",
                            "name": "Probe Security Group",
                            "owner_id": "254028362942",
                            "tags.%": "3",
                            "tags.Billing": "CSF",
                            "tags.Env": "CSF",
                            "tags.Name": "CSF-SG-csarti-project_foo-app_foo-12345678",
                            "vpc_id": "vpc-e7f69383"
                        },
                        "meta": {},
                        "tainted": false
                    },
                    "deposed": [],
                    "provider": ""
                },
                "aws_security_group.server": {
                    "type": "aws_security_group",
                    "depends_on": [
                        "aws_security_group.modsec",
                        "aws_security_group.probe",
                        "aws_vpc.foovpc"
                    ],
                    "primary": {
                        "id": "sg-930ff0f5",
                        "attributes": {
                            "description": "Server Security Group",
                            "egress.#": "1",
                            "egress.482069346.cidr_blocks.#": "1",
                            "egress.482069346.cidr_blocks.0": "0.0.0.0/0",
                            "egress.482069346.from_port": "0",
                            "egress.482069346.prefix_list_ids.#": "0",
                            "egress.482069346.protocol": "-1",
                            "egress.482069346.security_groups.#": "0",
                            "egress.482069346.self": "false",
                            "egress.482069346.to_port": "0",
                            "id": "sg-930ff0f5",
                            "ingress.#": "3",
                            "ingress.220449462.cidr_blocks.#": "0",
                            "ingress.220449462.from_port": "80",
                            "ingress.220449462.protocol": "tcp",
                            "ingress.220449462.security_groups.#": "1",
                            "ingress.220449462.security_groups.4127950916": "sg-8d0ff0eb",
                            "ingress.220449462.self": "false",
                            "ingress.220449462.to_port": "80",
                            "ingress.2893249819.cidr_blocks.#": "0",
                            "ingress.2893249819.from_port": "8080",
                            "ingress.2893249819.protocol": "tcp",
                            "ingress.2893249819.security_groups.#": "1",
                            "ingress.2893249819.security_groups.4127950916": "sg-8d0ff0eb",
                            "ingress.2893249819.self": "false",
                            "ingress.2893249819.to_port": "8080",
                            "ingress.300332048.cidr_blocks.#": "0",
                            "ingress.300332048.from_port": "22",
                            "ingress.300332048.protocol": "tcp",
                            "ingress.300332048.security_groups.#": "1",
                            "ingress.300332048.security_groups.3009725482": "sg-890ff0ef",
                            "ingress.300332048.self": "false",
                            "ingress.300332048.to_port": "22",
                            "name": "Server Security Group",
                            "owner_id": "254028362942",
                            "tags.%": "3",
                            "tags.Billing": "CSF",
                            "tags.Env": "CSF",
                            "tags.Name": "CSF-SG-project_foo",
                            "vpc_id": "vpc-e7f69383"
                        },
                        "meta": {},
                        "tainted": false
                    },
                    "deposed": [],
                    "provider": ""
                },
                "aws_subnet.subnet_priv": {
                    "type": "aws_subnet",
                    "depends_on": [
                        "aws_vpc.foovpc"
                    ],
                    "primary": {
                        "id": "subnet-0f641279",
                        "attributes": {
                            "availability_zone": "eu-west-1a",
                            "cidr_block": "10.0.1.0/24",
                            "id": "subnet-0f641279",
                            "map_public_ip_on_launch": "false",
                            "tags.%": "3",
                            "tags.Billing": "CSF",
                            "tags.Env": "CSF",
                            "tags.Name": "CSF-subnet-priv-server-project_foo",
                            "vpc_id": "vpc-e7f69383"
                        },
                        "meta": {},
                        "tainted": false
                    },
                    "deposed": [],
                    "provider": ""
                },
                "aws_subnet.subnet_pub": {
                    "type": "aws_subnet",
                    "depends_on": [
                        "aws_vpc.foovpc"
                    ],
                    "primary": {
                        "id": "subnet-0e641278",
                        "attributes": {
                            "availability_zone": "eu-west-1a",
                            "cidr_block": "10.0.0.0/24",
                            "id": "subnet-0e641278",
                            "map_public_ip_on_launch": "true",
                            "tags.%": "3",
                            "tags.Billing": "CSF",
                            "tags.Env": "CSF",
                            "tags.Name": "CSF-Subnet-PUB-csarti-project_foo-app_foo-12345678",
                            "vpc_id": "vpc-e7f69383"
                        },
                        "meta": {},
                        "tainted": false
                    },
                    "deposed": [],
                    "provider": ""
                },
                "aws_vpc.foovpc": {
                    "type": "aws_vpc",
                    "depends_on": [],
                    "primary": {
                        "id": "vpc-e7f69383",
                        "attributes": {
                            "cidr_block": "10.0.0.0/16",
                            "default_network_acl_id": "acl-6c5a0a08",
                            "default_route_table_id": "rtb-b70725d3",
                            "default_security_group_id": "sg-800ff0e6",
                            "dhcp_options_id": "dopt-294ef44c",
                            "enable_classiclink": "false",
                            "enable_dns_hostnames": "true",
                            "enable_dns_support": "true",
                            "id": "vpc-e7f69383",
                            "instance_tenancy": "default",
                            "main_route_table_id": "rtb-b70725d3",
                            "tags.%": "3",
                            "tags.Billing": "CSF",
                            "tags.Env": "CSF",
                            "tags.Name": "CSF-VPC-project_foo"
                        },
                        "meta": {},
                        "tainted": false
                    },
                    "deposed": [],
                    "provider": ""
                }
            },
            "depends_on": []
        }
    ]
}
